
Microsoft Visual Studio Solution File, Format Version 12.00
# Visual Studio Version 16
VisualStudioVersion = 16.0.31025.218
MinimumVisualStudioVersion = 10.0.40219.1
Project("{FAE04EC0-301F-11D3-BF4B-00C04F79EFBC}") = "MyTrunfo", "MyTrunfo\MyTrunfo.csproj", "{4CB7FDBC-5E7F-463E-A617-80323A9B70E9}"
EndProject
Global
	GlobalSection(SolutionConfigurationPlatforms) = preSolution
		Debug|Any CPU = Debug|Any CPU
		Release|Any CPU = Release|Any CPU
	EndGlobalSection
	GlobalSection(ProjectConfigurationPlatforms) = postSolution
		{4CB7FDBC-5E7F-463E-A617-80323A9B70E9}.Debug|Any CPU.ActiveCfg = Debug|Any CPU
		{4CB7FDBC-5E7F-463E-A617-80323A9B70E9}.Debug|Any CPU.Build.0 = Debug|Any CPU
		{4CB7FDBC-5E7F-463E-A617-80323A9B70E9}.Release|Any CPU.ActiveCfg = Release|Any CPU
		{4CB7FDBC-5E7F-463E-A617-80323A9B70E9}.Release|Any CPU.Build.0 = Release|Any CPU
	EndGlobalSection
	GlobalSection(SolutionProperties) = preSolution
		HideSolutionNode = FALSE
	EndGlobalSection
	GlobalSection(ExtensibilityGlobals) = postSolution
		SolutionGuid = {C56CB379-C5EF-4589-8EDE-3607D662A5DA}
	EndGlobalSection
EndGlobal
